
Microsoft Visual Studio Solution File, Format Version 12.00
# Visual Studio Version 17
VisualStudioVersion = 17.4.33205.214
MinimumVisualStudioVersion = 10.0.40219.1
Project("{FAE04EC0-301F-11D3-BF4B-00C04F79EFBC}") = "BulkyWeb", "BulkyWeb\BulkyWeb.csproj", "{9FBCB90F-E071-41BA-9176-6DDEBD975EAA}"
EndProject
Global
	GlobalSection(SolutionConfigurationPlatforms) = preSolution
		Debug|Any CPU = Debug|Any CPU
		Release|Any CPU = Release|Any CPU
	EndGlobalSection
	GlobalSection(ProjectConfigurationPlatforms) = postSolution
		{9FBCB90F-E071-41BA-9176-6DDEBD975EAA}.Debug|Any CPU.ActiveCfg = Debug|Any CPU
		{9FBCB90F-E071-41BA-9176-6DDEBD975EAA}.Debug|Any CPU.Build.0 = Debug|Any CPU
		{9FBCB90F-E071-41BA-9176-6DDEBD975EAA}.Release|Any CPU.ActiveCfg = Release|Any CPU
		{9FBCB90F-E071-41BA-9176-6DDEBD975EAA}.Release|Any CPU.Build.0 = Release|Any CPU
	EndGlobalSection
	GlobalSection(SolutionProperties) = preSolution
		HideSolutionNode = FALSE
	EndGlobalSection
	GlobalSection(ExtensibilityGlobals) = postSolution
		SolutionGuid = {2D519EC5-AE9C-4942-83A4-BDB9543A64EC}
	EndGlobalSection
EndGlobal
